
Microsoft Visual Studio Solution File, Format Version 12.00
# Visual Studio 15
VisualStudioVersion = 15.0.28307.572
MinimumVisualStudioVersion = 10.0.40219.1
Project("{FAE04EC0-301F-11D3-BF4B-00C04F79EFBC}") = "cadastroCliente", "cadastroCliente\cadastroCliente.csproj", "{66485CC3-B10A-4F73-B716-4E28C60CA5AF}"
EndProject
Global
	GlobalSection(SolutionConfigurationPlatforms) = preSolution
		Debug|Any CPU = Debug|Any CPU
		Release|Any CPU = Release|Any CPU
	EndGlobalSection
	GlobalSection(ProjectConfigurationPlatforms) = postSolution
		{66485CC3-B10A-4F73-B716-4E28C60CA5AF}.Debug|Any CPU.ActiveCfg = Debug|Any CPU
		{66485CC3-B10A-4F73-B716-4E28C60CA5AF}.Debug|Any CPU.Build.0 = Debug|Any CPU
		{66485CC3-B10A-4F73-B716-4E28C60CA5AF}.Release|Any CPU.ActiveCfg = Release|Any CPU
		{66485CC3-B10A-4F73-B716-4E28C60CA5AF}.Release|Any CPU.Build.0 = Release|Any CPU
	EndGlobalSection
	GlobalSection(SolutionProperties) = preSolution
		HideSolutionNode = FALSE
	EndGlobalSection
	GlobalSection(ExtensibilityGlobals) = postSolution
		SolutionGuid = {D4AACFE8-1F83-4DB7-AB13-CA3ED109AFD9}
	EndGlobalSection
EndGlobal
